// !$*UTF8*$!
{
	archiveVersion = 1;
	classes = {
	};
	objectVersion = 46;
	objects = {

/* Begin PBXBuildFile section */
		D221B47517F745D900E76550 /* Token.cpp in Sources */ = {isa = PBXBuildFile; fileRef = D221B47317F745D900E76550 /* Token.cpp */; };
		D221B47C17F8252C00E76550 /* TokenList.cpp in Sources */ = {isa = PBXBuildFile; fileRef = D221B47A17F8252C00E76550 /* TokenList.cpp */; };
		D221B48517F8451900E76550 /* Util.cpp in Sources */ = {isa = PBXBuildFile; fileRef = D221B48317F8451900E76550 /* Util.cpp */; };
		D281BDF81876B8ED0097916F /* CodeGlobalImport.cpp in Sources */ = {isa = PBXBuildFile; fileRef = D281BDA21876B8ED0097916F /* CodeGlobalImport.cpp */; };
		D281BDF91876B8ED0097916F /* CodeGlobalInit.cpp in Sources */ = {isa = PBXBuildFile; fileRef = D281BDA41876B8ED0097916F /* CodeGlobalInit.cpp */; };
		D281BDFA1876B8ED0097916F /* CodeObject.cpp in Sources */ = {isa = PBXBuildFile; fileRef = D281BDA61876B8ED0097916F /* CodeObject.cpp */; };
		D281BDFB1876B8ED0097916F /* CodeParameter.cpp in Sources */ = {isa = PBXBuildFile; fileRef = D281BDA81876B8ED0097916F /* CodeParameter.cpp */; };
		D281BDFC1876B8ED0097916F /* CodeProgram.cpp in Sources */ = {isa = PBXBuildFile; fileRef = D281BDAA1876B8ED0097916F /* CodeProgram.cpp */; };
		D281BDFD1876B8ED0097916F /* CodeDeclaration.cpp in Sources */ = {isa = PBXBuildFile; fileRef = D281BDAE1876B8ED0097916F /* CodeDeclaration.cpp */; };
		D281BDFE1876B8ED0097916F /* CodeFunctionDeclaration.cpp in Sources */ = {isa = PBXBuildFile; fileRef = D281BDB01876B8ED0097916F /* CodeFunctionDeclaration.cpp */; };
		D281BDFF1876B8ED0097916F /* CodeProcedureDeclaration.cpp in Sources */ = {isa = PBXBuildFile; fileRef = D281BDB21876B8ED0097916F /* CodeProcedureDeclaration.cpp */; };
		D281BE001876B8ED0097916F /* CodeStorageDeclaration.cpp in Sources */ = {isa = PBXBuildFile; fileRef = D281BDB41876B8ED0097916F /* CodeStorageDeclaration.cpp */; };
		D281BE011876B8ED0097916F /* CodeExpression.cpp in Sources */ = {isa = PBXBuildFile; fileRef = D281BDB81876B8ED0097916F /* CodeExpression.cpp */; };
		D281BE021876B8ED0097916F /* CodeExpressionAdd.cpp in Sources */ = {isa = PBXBuildFile; fileRef = D281BDBA1876B8ED0097916F /* CodeExpressionAdd.cpp */; };
		D281BE031876B8ED0097916F /* CodeExpressionBoolean.cpp in Sources */ = {isa = PBXBuildFile; fileRef = D281BDBC1876B8ED0097916F /* CodeExpressionBoolean.cpp */; };
		D281BE041876B8ED0097916F /* CodeExpressionFactor.cpp in Sources */ = {isa = PBXBuildFile; fileRef = D281BDBE1876B8ED0097916F /* CodeExpressionFactor.cpp */; };
		D281BE051876B8ED0097916F /* CodeExpressionFactorFunctionCall.cpp in Sources */ = {isa = PBXBuildFile; fileRef = D281BDC01876B8ED0097916F /* CodeExpressionFactorFunctionCall.cpp */; };
		D281BE061876B8ED0097916F /* CodeExpressionFactorInitialize.cpp in Sources */ = {isa = PBXBuildFile; fileRef = D281BDC21876B8ED0097916F /* CodeExpressionFactorInitialize.cpp */; };
		D281BE071876B8ED0097916F /* CodeExpressionFactorLiteral.cpp in Sources */ = {isa = PBXBuildFile; fileRef = D281BDC41876B8ED0097916F /* CodeExpressionFactorLiteral.cpp */; };
		D281BE081876B8ED0097916F /* CodeExpressionFactorVariable.cpp in Sources */ = {isa = PBXBuildFile; fileRef = D281BDC61876B8ED0097916F /* CodeExpressionFactorVariable.cpp */; };
		D281BE091876B8ED0097916F /* CodeExpressionMonadicOperator.cpp in Sources */ = {isa = PBXBuildFile; fileRef = D281BDC81876B8ED0097916F /* CodeExpressionMonadicOperator.cpp */; };
		D281BE0A1876B8ED0097916F /* CodeExpressionMultiply.cpp in Sources */ = {isa = PBXBuildFile; fileRef = D281BDCA1876B8ED0097916F /* CodeExpressionMultiply.cpp */; };
		D281BE0B1876B8ED0097916F /* CodeExpressionRelation.cpp in Sources */ = {isa = PBXBuildFile; fileRef = D281BDCC1876B8ED0097916F /* CodeExpressionRelation.cpp */; };
		D281BE0C1876B8ED0097916F /* CodeExpressionStringConcatenation.cpp in Sources */ = {isa = PBXBuildFile; fileRef = D281BDCE1876B8ED0097916F /* CodeExpressionStringConcatenation.cpp */; };
		D281BE0D1876B8ED0097916F /* CodeFunction.cpp in Sources */ = {isa = PBXBuildFile; fileRef = D281BDD21876B8ED0097916F /* CodeFunction.cpp */; };
		D281BE0E1876B8ED0097916F /* CodeIdentifier.cpp in Sources */ = {isa = PBXBuildFile; fileRef = D281BDD41876B8ED0097916F /* CodeIdentifier.cpp */; };
		D281BE0F1876B8ED0097916F /* CodeProcedure.cpp in Sources */ = {isa = PBXBuildFile; fileRef = D281BDD61876B8ED0097916F /* CodeProcedure.cpp */; };
		D281BE101876B8ED0097916F /* CodeVariable.cpp in Sources */ = {isa = PBXBuildFile; fileRef = D281BDD81876B8ED0097916F /* CodeVariable.cpp */; };
		D281BE111876B8ED0097916F /* CodeAssignmentStatement.cpp in Sources */ = {isa = PBXBuildFile; fileRef = D281BDDC1876B8ED0097916F /* CodeAssignmentStatement.cpp */; };
		D281BE121876B8ED0097916F /* CodeFunctionCallStatement.cpp in Sources */ = {isa = PBXBuildFile; fileRef = D281BDDE1876B8ED0097916F /* CodeFunctionCallStatement.cpp */; };
		D281BE131876B8ED0097916F /* CodeIfStatement.cpp in Sources */ = {isa = PBXBuildFile; fileRef = D281BDE01876B8ED0097916F /* CodeIfStatement.cpp */; };
		D281BE141876B8ED0097916F /* CodeInputStatement.cpp in Sources */ = {isa = PBXBuildFile; fileRef = D281BDE21876B8ED0097916F /* CodeInputStatement.cpp */; };
		D281BE151876B8ED0097916F /* CodeOutputStatment.cpp in Sources */ = {isa = PBXBuildFile; fileRef = D281BDE41876B8ED0097916F /* CodeOutputStatment.cpp */; };
		D281BE161876B8ED0097916F /* CodeProcedureCallStatement.cpp in Sources */ = {isa = PBXBuildFile; fileRef = D281BDE61876B8ED0097916F /* CodeProcedureCallStatement.cpp */; };
		D281BE171876B8ED0097916F /* CodeSkipStatement.cpp in Sources */ = {isa = PBXBuildFile; fileRef = D281BDE81876B8ED0097916F /* CodeSkipStatement.cpp */; };
		D281BE181876B8ED0097916F /* CodeStatement.cpp in Sources */ = {isa = PBXBuildFile; fileRef = D281BDEA1876B8ED0097916F /* CodeStatement.cpp */; };
		D281BE191876B8ED0097916F /* CodeWhileStatement.cpp in Sources */ = {isa = PBXBuildFile; fileRef = D281BDEC1876B8ED0097916F /* CodeWhileStatement.cpp */; };
		D281BE1A1876B8ED0097916F /* CodeType.cpp in Sources */ = {isa = PBXBuildFile; fileRef = D281BDF01876B8ED0097916F /* CodeType.cpp */; };
		D281BE1B1876B8ED0097916F /* CodeTypeBoolean.cpp in Sources */ = {isa = PBXBuildFile; fileRef = D281BDF21876B8ED0097916F /* CodeTypeBoolean.cpp */; };
		D281BE1C1876B8ED0097916F /* CodeTypeInteger32.cpp in Sources */ = {isa = PBXBuildFile; fileRef = D281BDF41876B8ED0097916F /* CodeTypeInteger32.cpp */; };
		D281BE1D1876B8ED0097916F /* CodeTypeString.cpp in Sources */ = {isa = PBXBuildFile; fileRef = D281BDF61876B8ED0097916F /* CodeTypeString.cpp */; };
		D281BE261876DC8E0097916F /* ASTGenerator.cpp in Sources */ = {isa = PBXBuildFile; fileRef = D281BE1F1876DC8E0097916F /* ASTGenerator.cpp */; };
		D281BE271876DC8E0097916F /* Parser.cpp in Sources */ = {isa = PBXBuildFile; fileRef = D281BE221876DC8E0097916F /* Parser.cpp */; };
		D281BE281876DC8E0097916F /* ParseTableReader.cpp in Sources */ = {isa = PBXBuildFile; fileRef = D281BE241876DC8E0097916F /* ParseTableReader.cpp */; };
		D29DBE1B1806D9FA00C9A5FE /* ScannerContext.cpp in Sources */ = {isa = PBXBuildFile; fileRef = D29DBE191806D9FA00C9A5FE /* ScannerContext.cpp */; };
		D29DBE1C1806D9FA00C9A5FE /* ScannerContext.h in Sources */ = {isa = PBXBuildFile; fileRef = D29DBE1A1806D9FA00C9A5FE /* ScannerContext.h */; };
		D29DBE1E1806F4D500C9A5FE /* ScannerEnums.h in Sources */ = {isa = PBXBuildFile; fileRef = D29DBE1D1806F4BF00C9A5FE /* ScannerEnums.h */; };
		D29DBE201806F92500C9A5FE /* Singleton.h in Sources */ = {isa = PBXBuildFile; fileRef = D29DBE1F1806F8B700C9A5FE /* Singleton.h */; };
		D29DBE2218071E4A00C9A5FE /* ScannerEnums.cpp in Sources */ = {isa = PBXBuildFile; fileRef = D29DBE2118071E4A00C9A5FE /* ScannerEnums.cpp */; };
		D29DBE2F1812BD9E00C9A5FE /* AssemblerInstruction.cpp in Sources */ = {isa = PBXBuildFile; fileRef = D29DBE2B1812BD9E00C9A5FE /* AssemblerInstruction.cpp */; };
		D29DBE301812BD9E00C9A5FE /* AssemblerInstruction.h in Sources */ = {isa = PBXBuildFile; fileRef = D29DBE2C1812BD9E00C9A5FE /* AssemblerInstruction.h */; };
		D29DBE311812BD9E00C9A5FE /* Assemblizer.cpp in Sources */ = {isa = PBXBuildFile; fileRef = D29DBE2D1812BD9E00C9A5FE /* Assemblizer.cpp */; };
		D29DBE321812BD9E00C9A5FE /* Assemblizer.h in Sources */ = {isa = PBXBuildFile; fileRef = D29DBE2E1812BD9E00C9A5FE /* Assemblizer.h */; };
		D2BED5DC17F744AB005EAFEA /* main.cpp in Sources */ = {isa = PBXBuildFile; fileRef = D2BED5DB17F744AB005EAFEA /* main.cpp */; };
		D2BED5DE17F744AB005EAFEA /* EagleCompiler.1 in CopyFiles */ = {isa = PBXBuildFile; fileRef = D2BED5DD17F744AB005EAFEA /* EagleCompiler.1 */; };
		D2D92BA21806D41B0099CBDB /* Scanner.cpp in Sources */ = {isa = PBXBuildFile; fileRef = D2D92BA01806D41B0099CBDB /* Scanner.cpp */; };
		D2D92BA31806D41B0099CBDB /* Scanner.h in Sources */ = {isa = PBXBuildFile; fileRef = D2D92BA11806D41B0099CBDB /* Scanner.h */; };
		D2F6CD7C185999C400CDA4DB /* NumericVariable.cpp in Sources */ = {isa = PBXBuildFile; fileRef = D2F6CD76185999C400CDA4DB /* NumericVariable.cpp */; };
		D2F6CD7D185999C400CDA4DB /* NumericVariable.h in Sources */ = {isa = PBXBuildFile; fileRef = D2F6CD77185999C400CDA4DB /* NumericVariable.h */; };
		D2F6CD7E185999C400CDA4DB /* StringVariable.cpp in Sources */ = {isa = PBXBuildFile; fileRef = D2F6CD78185999C400CDA4DB /* StringVariable.cpp */; };
		D2F6CD7F185999C400CDA4DB /* StringVariable.h in Sources */ = {isa = PBXBuildFile; fileRef = D2F6CD79185999C400CDA4DB /* StringVariable.h */; };
		D2F6CD80185999C400CDA4DB /* Variable.cpp in Sources */ = {isa = PBXBuildFile; fileRef = D2F6CD7A185999C400CDA4DB /* Variable.cpp */; };
		D2F6CD81185999C400CDA4DB /* Variable.h in Sources */ = {isa = PBXBuildFile; fileRef = D2F6CD7B185999C400CDA4DB /* Variable.h */; };
/* End PBXBuildFile section */

/* Begin PBXCopyFilesBuildPhase section */
		D2BED5D617F744AB005EAFEA /* CopyFiles */ = {
			isa = PBXCopyFilesBuildPhase;
			buildActionMask = 2147483647;
			dstPath = /usr/share/man/man1/;
			dstSubfolderSpec = 0;
			files = (
				D2BED5DE17F744AB005EAFEA /* EagleCompiler.1 in CopyFiles */,
			);
			runOnlyForDeploymentPostprocessing = 1;
		};
/* End PBXCopyFilesBuildPhase section */

/* Begin PBXFileReference section */
		D221B47317F745D900E76550 /* Token.cpp */ = {isa = PBXFileReference; fileEncoding = 4; lastKnownFileType = sourcecode.cpp.cpp; path = Token.cpp; sourceTree = "<group>"; };
		D221B47417F745D900E76550 /* Token.h */ = {isa = PBXFileReference; fileEncoding = 4; lastKnownFileType = sourcecode.c.h; path = Token.h; sourceTree = "<group>"; };
		D221B47A17F8252C00E76550 /* TokenList.cpp */ = {isa = PBXFileReference; fileEncoding = 4; lastKnownFileType = sourcecode.cpp.cpp; path = TokenList.cpp; sourceTree = "<group>"; };
		D221B47B17F8252C00E76550 /* TokenList.h */ = {isa = PBXFileReference; fileEncoding = 4; lastKnownFileType = sourcecode.c.h; path = TokenList.h; sourceTree = "<group>"; };
		D221B48317F8451900E76550 /* Util.cpp */ = {isa = PBXFileReference; fileEncoding = 4; lastKnownFileType = sourcecode.cpp.cpp; path = Util.cpp; sourceTree = "<group>"; };
		D221B48417F8451900E76550 /* Util.h */ = {isa = PBXFileReference; fileEncoding = 4; lastKnownFileType = sourcecode.c.h; path = Util.h; sourceTree = "<group>"; };
		D281BDA01876B8ED0097916F /* AST.h */ = {isa = PBXFileReference; fileEncoding = 4; lastKnownFileType = sourcecode.c.h; path = AST.h; sourceTree = "<group>"; };
		D281BDA11876B8ED0097916F /* CMakeLists.txt */ = {isa = PBXFileReference; fileEncoding = 4; lastKnownFileType = text; path = CMakeLists.txt; sourceTree = "<group>"; };
		D281BDA21876B8ED0097916F /* CodeGlobalImport.cpp */ = {isa = PBXFileReference; fileEncoding = 4; lastKnownFileType = sourcecode.cpp.cpp; path = CodeGlobalImport.cpp; sourceTree = "<group>"; };
		D281BDA31876B8ED0097916F /* CodeGlobalImport.h */ = {isa = PBXFileReference; fileEncoding = 4; lastKnownFileType = sourcecode.c.h; path = CodeGlobalImport.h; sourceTree = "<group>"; };
		D281BDA41876B8ED0097916F /* CodeGlobalInit.cpp */ = {isa = PBXFileReference; fileEncoding = 4; lastKnownFileType = sourcecode.cpp.cpp; path = CodeGlobalInit.cpp; sourceTree = "<group>"; };
		D281BDA51876B8ED0097916F /* CodeGlobalInit.h */ = {isa = PBXFileReference; fileEncoding = 4; lastKnownFileType = sourcecode.c.h; path = CodeGlobalInit.h; sourceTree = "<group>"; };
		D281BDA61876B8ED0097916F /* CodeObject.cpp */ = {isa = PBXFileReference; fileEncoding = 4; lastKnownFileType = sourcecode.cpp.cpp; path = CodeObject.cpp; sourceTree = "<group>"; };
		D281BDA71876B8ED0097916F /* CodeObject.h */ = {isa = PBXFileReference; fileEncoding = 4; lastKnownFileType = sourcecode.c.h; path = CodeObject.h; sourceTree = "<group>"; };
		D281BDA81876B8ED0097916F /* CodeParameter.cpp */ = {isa = PBXFileReference; fileEncoding = 4; lastKnownFileType = sourcecode.cpp.cpp; path = CodeParameter.cpp; sourceTree = "<group>"; };
		D281BDA91876B8ED0097916F /* CodeParameter.h */ = {isa = PBXFileReference; fileEncoding = 4; lastKnownFileType = sourcecode.c.h; path = CodeParameter.h; sourceTree = "<group>"; };
		D281BDAA1876B8ED0097916F /* CodeProgram.cpp */ = {isa = PBXFileReference; fileEncoding = 4; lastKnownFileType = sourcecode.cpp.cpp; path = CodeProgram.cpp; sourceTree = "<group>"; };
		D281BDAB1876B8ED0097916F /* CodeProgram.h */ = {isa = PBXFileReference; fileEncoding = 4; lastKnownFileType = sourcecode.c.h; path = CodeProgram.h; sourceTree = "<group>"; };
		D281BDAD1876B8ED0097916F /* CMakeLists.txt */ = {isa = PBXFileReference; fileEncoding = 4; lastKnownFileType = text; path = CMakeLists.txt; sourceTree = "<group>"; };
		D281BDAE1876B8ED0097916F /* CodeDeclaration.cpp */ = {isa = PBXFileReference; fileEncoding = 4; lastKnownFileType = sourcecode.cpp.cpp; path = CodeDeclaration.cpp; sourceTree = "<group>"; };
		D281BDAF1876B8ED0097916F /* CodeDeclaration.h */ = {isa = PBXFileReference; fileEncoding = 4; lastKnownFileType = sourcecode.c.h; path = CodeDeclaration.h; sourceTree = "<group>"; };
		D281BDB01876B8ED0097916F /* CodeFunctionDeclaration.cpp */ = {isa = PBXFileReference; fileEncoding = 4; lastKnownFileType = sourcecode.cpp.cpp; path = CodeFunctionDeclaration.cpp; sourceTree = "<group>"; };
		D281BDB11876B8ED0097916F /* CodeFunctionDeclaration.h */ = {isa = PBXFileReference; fileEncoding = 4; lastKnownFileType = sourcecode.c.h; path = CodeFunctionDeclaration.h; sourceTree = "<group>"; };
		D281BDB21876B8ED0097916F /* CodeProcedureDeclaration.cpp */ = {isa = PBXFileReference; fileEncoding = 4; lastKnownFileType = sourcecode.cpp.cpp; path = CodeProcedureDeclaration.cpp; sourceTree = "<group>"; };
		D281BDB31876B8ED0097916F /* CodeProcedureDeclaration.h */ = {isa = PBXFileReference; fileEncoding = 4; lastKnownFileType = sourcecode.c.h; path = CodeProcedureDeclaration.h; sourceTree = "<group>"; };
		D281BDB41876B8ED0097916F /* CodeStorageDeclaration.cpp */ = {isa = PBXFileReference; fileEncoding = 4; lastKnownFileType = sourcecode.cpp.cpp; path = CodeStorageDeclaration.cpp; sourceTree = "<group>"; };
		D281BDB51876B8ED0097916F /* CodeStorageDeclaration.h */ = {isa = PBXFileReference; fileEncoding = 4; lastKnownFileType = sourcecode.c.h; path = CodeStorageDeclaration.h; sourceTree = "<group>"; };
		D281BDB71876B8ED0097916F /* CMakeLists.txt */ = {isa = PBXFileReference; fileEncoding = 4; lastKnownFileType = text; path = CMakeLists.txt; sourceTree = "<group>"; };
		D281BDB81876B8ED0097916F /* CodeExpression.cpp */ = {isa = PBXFileReference; fileEncoding = 4; lastKnownFileType = sourcecode.cpp.cpp; path = CodeExpression.cpp; sourceTree = "<group>"; };
		D281BDB91876B8ED0097916F /* CodeExpression.h */ = {isa = PBXFileReference; fileEncoding = 4; lastKnownFileType = sourcecode.c.h; path = CodeExpression.h; sourceTree = "<group>"; };
		D281BDBA1876B8ED0097916F /* CodeExpressionAdd.cpp */ = {isa = PBXFileReference; fileEncoding = 4; lastKnownFileType = sourcecode.cpp.cpp; path = CodeExpressionAdd.cpp; sourceTree = "<group>"; };
		D281BDBB1876B8ED0097916F /* CodeExpressionAdd.h */ = {isa = PBXFileReference; fileEncoding = 4; lastKnownFileType = sourcecode.c.h; path = CodeExpressionAdd.h; sourceTree = "<group>"; };
		D281BDBC1876B8ED0097916F /* CodeExpressionBoolean.cpp */ = {isa = PBXFileReference; fileEncoding = 4; lastKnownFileType = sourcecode.cpp.cpp; path = CodeExpressionBoolean.cpp; sourceTree = "<group>"; };
		D281BDBD1876B8ED0097916F /* CodeExpressionBoolean.h */ = {isa = PBXFileReference; fileEncoding = 4; lastKnownFileType = sourcecode.c.h; path = CodeExpressionBoolean.h; sourceTree = "<group>"; };
		D281BDBE1876B8ED0097916F /* CodeExpressionFactor.cpp */ = {isa = PBXFileReference; fileEncoding = 4; lastKnownFileType = sourcecode.cpp.cpp; path = CodeExpressionFactor.cpp; sourceTree = "<group>"; };
		D281BDBF1876B8ED0097916F /* CodeExpressionFactor.h */ = {isa = PBXFileReference; fileEncoding = 4; lastKnownFileType = sourcecode.c.h; path = CodeExpressionFactor.h; sourceTree = "<group>"; };
		D281BDC01876B8ED0097916F /* CodeExpressionFactorFunctionCall.cpp */ = {isa = PBXFileReference; fileEncoding = 4; lastKnownFileType = sourcecode.cpp.cpp; path = CodeExpressionFactorFunctionCall.cpp; sourceTree = "<group>"; };
		D281BDC11876B8ED0097916F /* CodeExpressionFactorFunctionCall.h */ = {isa = PBXFileReference; fileEncoding = 4; lastKnownFileType = sourcecode.c.h; path = CodeExpressionFactorFunctionCall.h; sourceTree = "<group>"; };
		D281BDC21876B8ED0097916F /* CodeExpressionFactorInitialize.cpp */ = {isa = PBXFileReference; fileEncoding = 4; lastKnownFileType = sourcecode.cpp.cpp; path = CodeExpressionFactorInitialize.cpp; sourceTree = "<group>"; };
		D281BDC31876B8ED0097916F /* CodeExpressionFactorInitialize.h */ = {isa = PBXFileReference; fileEncoding = 4; lastKnownFileType = sourcecode.c.h; path = CodeExpressionFactorInitialize.h; sourceTree = "<group>"; };
		D281BDC41876B8ED0097916F /* CodeExpressionFactorLiteral.cpp */ = {isa = PBXFileReference; fileEncoding = 4; lastKnownFileType = sourcecode.cpp.cpp; path = CodeExpressionFactorLiteral.cpp; sourceTree = "<group>"; };
		D281BDC51876B8ED0097916F /* CodeExpressionFactorLiteral.h */ = {isa = PBXFileReference; fileEncoding = 4; lastKnownFileType = sourcecode.c.h; path = CodeExpressionFactorLiteral.h; sourceTree = "<group>"; };
		D281BDC61876B8ED0097916F /* CodeExpressionFactorVariable.cpp */ = {isa = PBXFileReference; fileEncoding = 4; lastKnownFileType = sourcecode.cpp.cpp; path = CodeExpressionFactorVariable.cpp; sourceTree = "<group>"; };
		D281BDC71876B8ED0097916F /* CodeExpressionFactorVariable.h */ = {isa = PBXFileReference; fileEncoding = 4; lastKnownFileType = sourcecode.c.h; path = CodeExpressionFactorVariable.h; sourceTree = "<group>"; };
		D281BDC81876B8ED0097916F /* CodeExpressionMonadicOperator.cpp */ = {isa = PBXFileReference; fileEncoding = 4; lastKnownFileType = sourcecode.cpp.cpp; path = CodeExpressionMonadicOperator.cpp; sourceTree = "<group>"; };
		D281BDC91876B8ED0097916F /* CodeExpressionMonadicOperator.h */ = {isa = PBXFileReference; fileEncoding = 4; lastKnownFileType = sourcecode.c.h; path = CodeExpressionMonadicOperator.h; sourceTree = "<group>"; };
		D281BDCA1876B8ED0097916F /* CodeExpressionMultiply.cpp */ = {isa = PBXFileReference; fileEncoding = 4; lastKnownFileType = sourcecode.cpp.cpp; path = CodeExpressionMultiply.cpp; sourceTree = "<group>"; };
		D281BDCB1876B8ED0097916F /* CodeExpressionMultiply.h */ = {isa = PBXFileReference; fileEncoding = 4; lastKnownFileType = sourcecode.c.h; path = CodeExpressionMultiply.h; sourceTree = "<group>"; };
		D281BDCC1876B8ED0097916F /* CodeExpressionRelation.cpp */ = {isa = PBXFileReference; fileEncoding = 4; lastKnownFileType = sourcecode.cpp.cpp; path = CodeExpressionRelation.cpp; sourceTree = "<group>"; };
		D281BDCD1876B8ED0097916F /* CodeExpressionRelation.h */ = {isa = PBXFileReference; fileEncoding = 4; lastKnownFileType = sourcecode.c.h; path = CodeExpressionRelation.h; sourceTree = "<group>"; };
		D281BDCE1876B8ED0097916F /* CodeExpressionStringConcatenation.cpp */ = {isa = PBXFileReference; fileEncoding = 4; lastKnownFileType = sourcecode.cpp.cpp; path = CodeExpressionStringConcatenation.cpp; sourceTree = "<group>"; };
		D281BDCF1876B8ED0097916F /* CodeExpressionStringConcatenation.h */ = {isa = PBXFileReference; fileEncoding = 4; lastKnownFileType = sourcecode.c.h; path = CodeExpressionStringConcatenation.h; sourceTree = "<group>"; };
		D281BDD11876B8ED0097916F /* CMakeLists.txt */ = {isa = PBXFileReference; fileEncoding = 4; lastKnownFileType = text; path = CMakeLists.txt; sourceTree = "<group>"; };
		D281BDD21876B8ED0097916F /* CodeFunction.cpp */ = {isa = PBXFileReference; fileEncoding = 4; lastKnownFileType = sourcecode.cpp.cpp; path = CodeFunction.cpp; sourceTree = "<group>"; };
		D281BDD31876B8ED0097916F /* CodeFunction.h */ = {isa = PBXFileReference; fileEncoding = 4; lastKnownFileType = sourcecode.c.h; path = CodeFunction.h; sourceTree = "<group>"; };
		D281BDD41876B8ED0097916F /* CodeIdentifier.cpp */ = {isa = PBXFileReference; fileEncoding = 4; lastKnownFileType = sourcecode.cpp.cpp; path = CodeIdentifier.cpp; sourceTree = "<group>"; };
		D281BDD51876B8ED0097916F /* CodeIdentifier.h */ = {isa = PBXFileReference; fileEncoding = 4; lastKnownFileType = sourcecode.c.h; path = CodeIdentifier.h; sourceTree = "<group>"; };
		D281BDD61876B8ED0097916F /* CodeProcedure.cpp */ = {isa = PBXFileReference; fileEncoding = 4; lastKnownFileType = sourcecode.cpp.cpp; path = CodeProcedure.cpp; sourceTree = "<group>"; };
		D281BDD71876B8ED0097916F /* CodeProcedure.h */ = {isa = PBXFileReference; fileEncoding = 4; lastKnownFileType = sourcecode.c.h; path = CodeProcedure.h; sourceTree = "<group>"; };
		D281BDD81876B8ED0097916F /* CodeVariable.cpp */ = {isa = PBXFileReference; fileEncoding = 4; lastKnownFileType = sourcecode.cpp.cpp; path = CodeVariable.cpp; sourceTree = "<group>"; };
		D281BDD91876B8ED0097916F /* CodeVariable.h */ = {isa = PBXFileReference; fileEncoding = 4; lastKnownFileType = sourcecode.c.h; path = CodeVariable.h; sourceTree = "<group>"; };
		D281BDDB1876B8ED0097916F /* CMakeLists.txt */ = {isa = PBXFileReference; fileEncoding = 4; lastKnownFileType = text; path = CMakeLists.txt; sourceTree = "<group>"; };
		D281BDDC1876B8ED0097916F /* CodeAssignmentStatement.cpp */ = {isa = PBXFileReference; fileEncoding = 4; lastKnownFileType = sourcecode.cpp.cpp; path = CodeAssignmentStatement.cpp; sourceTree = "<group>"; };
		D281BDDD1876B8ED0097916F /* CodeAssignmentStatement.h */ = {isa = PBXFileReference; fileEncoding = 4; lastKnownFileType = sourcecode.c.h; path = CodeAssignmentStatement.h; sourceTree = "<group>"; };
		D281BDDE1876B8ED0097916F /* CodeFunctionCallStatement.cpp */ = {isa = PBXFileReference; fileEncoding = 4; lastKnownFileType = sourcecode.cpp.cpp; path = CodeFunctionCallStatement.cpp; sourceTree = "<group>"; };
		D281BDDF1876B8ED0097916F /* CodeFunctionCallStatement.h */ = {isa = PBXFileReference; fileEncoding = 4; lastKnownFileType = sourcecode.c.h; path = CodeFunctionCallStatement.h; sourceTree = "<group>"; };
		D281BDE01876B8ED0097916F /* CodeIfStatement.cpp */ = {isa = PBXFileReference; fileEncoding = 4; lastKnownFileType = sourcecode.cpp.cpp; path = CodeIfStatement.cpp; sourceTree = "<group>"; };
		D281BDE11876B8ED0097916F /* CodeIfStatement.h */ = {isa = PBXFileReference; fileEncoding = 4; lastKnownFileType = sourcecode.c.h; path = CodeIfStatement.h; sourceTree = "<group>"; };
		D281BDE21876B8ED0097916F /* CodeInputStatement.cpp */ = {isa = PBXFileReference; fileEncoding = 4; lastKnownFileType = sourcecode.cpp.cpp; path = CodeInputStatement.cpp; sourceTree = "<group>"; };
		D281BDE31876B8ED0097916F /* CodeInputStatement.h */ = {isa = PBXFileReference; fileEncoding = 4; lastKnownFileType = sourcecode.c.h; path = CodeInputStatement.h; sourceTree = "<group>"; };
		D281BDE41876B8ED0097916F /* CodeOutputStatment.cpp */ = {isa = PBXFileReference; fileEncoding = 4; lastKnownFileType = sourcecode.cpp.cpp; path = CodeOutputStatment.cpp; sourceTree = "<group>"; };
		D281BDE51876B8ED0097916F /* CodeOutputStatment.h */ = {isa = PBXFileReference; fileEncoding = 4; lastKnownFileType = sourcecode.c.h; path = CodeOutputStatment.h; sourceTree = "<group>"; };
		D281BDE61876B8ED0097916F /* CodeProcedureCallStatement.cpp */ = {isa = PBXFileReference; fileEncoding = 4; lastKnownFileType = sourcecode.cpp.cpp; path = CodeProcedureCallStatement.cpp; sourceTree = "<group>"; };
		D281BDE71876B8ED0097916F /* CodeProcedureCallStatement.h */ = {isa = PBXFileReference; fileEncoding = 4; lastKnownFileType = sourcecode.c.h; path = CodeProcedureCallStatement.h; sourceTree = "<group>"; };
		D281BDE81876B8ED0097916F /* CodeSkipStatement.cpp */ = {isa = PBXFileReference; fileEncoding = 4; lastKnownFileType = sourcecode.cpp.cpp; path = CodeSkipStatement.cpp; sourceTree = "<group>"; };
		D281BDE91876B8ED0097916F /* CodeSkipStatement.h */ = {isa = PBXFileReference; fileEncoding = 4; lastKnownFileType = sourcecode.c.h; path = CodeSkipStatement.h; sourceTree = "<group>"; };
		D281BDEA1876B8ED0097916F /* CodeStatement.cpp */ = {isa = PBXFileReference; fileEncoding = 4; lastKnownFileType = sourcecode.cpp.cpp; path = CodeStatement.cpp; sourceTree = "<group>"; };
		D281BDEB1876B8ED0097916F /* CodeStatement.h */ = {isa = PBXFileReference; fileEncoding = 4; lastKnownFileType = sourcecode.c.h; path = CodeStatement.h; sourceTree = "<group>"; };
		D281BDEC1876B8ED0097916F /* CodeWhileStatement.cpp */ = {isa = PBXFileReference; fileEncoding = 4; lastKnownFileType = sourcecode.cpp.cpp; path = CodeWhileStatement.cpp; sourceTree = "<group>"; };
		D281BDED1876B8ED0097916F /* CodeWhileStatement.h */ = {isa = PBXFileReference; fileEncoding = 4; lastKnownFileType = sourcecode.c.h; path = CodeWhileStatement.h; sourceTree = "<group>"; };
		D281BDEF1876B8ED0097916F /* CMakeLists.txt */ = {isa = PBXFileReference; fileEncoding = 4; lastKnownFileType = text; path = CMakeLists.txt; sourceTree = "<group>"; };
		D281BDF01876B8ED0097916F /* CodeType.cpp */ = {isa = PBXFileReference; fileEncoding = 4; lastKnownFileType = sourcecode.cpp.cpp; path = CodeType.cpp; sourceTree = "<group>"; };
		D281BDF11876B8ED0097916F /* CodeType.h */ = {isa = PBXFileReference; fileEncoding = 4; lastKnownFileType = sourcecode.c.h; path = CodeType.h; sourceTree = "<group>"; };
		D281BDF21876B8ED0097916F /* CodeTypeBoolean.cpp */ = {isa = PBXFileReference; fileEncoding = 4; lastKnownFileType = sourcecode.cpp.cpp; path = CodeTypeBoolean.cpp; sourceTree = "<group>"; };
		D281BDF31876B8ED0097916F /* CodeTypeBoolean.h */ = {isa = PBXFileReference; fileEncoding = 4; lastKnownFileType = sourcecode.c.h; path = CodeTypeBoolean.h; sourceTree = "<group>"; };
		D281BDF41876B8ED0097916F /* CodeTypeInteger32.cpp */ = {isa = PBXFileReference; fileEncoding = 4; lastKnownFileType = sourcecode.cpp.cpp; path = CodeTypeInteger32.cpp; sourceTree = "<group>"; };
		D281BDF51876B8ED0097916F /* CodeTypeInteger32.h */ = {isa = PBXFileReference; fileEncoding = 4; lastKnownFileType = sourcecode.c.h; path = CodeTypeInteger32.h; sourceTree = "<group>"; };
		D281BDF61876B8ED0097916F /* CodeTypeString.cpp */ = {isa = PBXFileReference; fileEncoding = 4; lastKnownFileType = sourcecode.cpp.cpp; path = CodeTypeString.cpp; sourceTree = "<group>"; };
		D281BDF71876B8ED0097916F /* CodeTypeString.h */ = {isa = PBXFileReference; fileEncoding = 4; lastKnownFileType = sourcecode.c.h; path = CodeTypeString.h; sourceTree = "<group>"; };
		D281BE1F1876DC8E0097916F /* ASTGenerator.cpp */ = {isa = PBXFileReference; fileEncoding = 4; lastKnownFileType = sourcecode.cpp.cpp; path = ASTGenerator.cpp; sourceTree = "<group>"; };
		D281BE201876DC8E0097916F /* ASTGenerator.h */ = {isa = PBXFileReference; fileEncoding = 4; lastKnownFileType = sourcecode.c.h; path = ASTGenerator.h; sourceTree = "<group>"; };
		D281BE211876DC8E0097916F /* CMakeLists.txt */ = {isa = PBXFileReference; fileEncoding = 4; lastKnownFileType = text; path = CMakeLists.txt; sourceTree = "<group>"; };
		D281BE221876DC8E0097916F /* Parser.cpp */ = {isa = PBXFileReference; fileEncoding = 4; lastKnownFileType = sourcecode.cpp.cpp; path = Parser.cpp; sourceTree = "<group>"; };
		D281BE231876DC8E0097916F /* Parser.h */ = {isa = PBXFileReference; fileEncoding = 4; lastKnownFileType = sourcecode.c.h; path = Parser.h; sourceTree = "<group>"; };
		D281BE241876DC8E0097916F /* ParseTableReader.cpp */ = {isa = PBXFileReference; fileEncoding = 4; lastKnownFileType = sourcecode.cpp.cpp; path = ParseTableReader.cpp; sourceTree = "<group>"; };
		D281BE251876DC8E0097916F /* ParseTableReader.h */ = {isa = PBXFileReference; fileEncoding = 4; lastKnownFileType = sourcecode.c.h; path = ParseTableReader.h; sourceTree = "<group>"; };
		D290B70B1806D28C0030DC82 /* scanner */ = {isa = PBXFileReference; lastKnownFileType = folder; path = scanner; sourceTree = "<group>"; };
		D29DBE191806D9FA00C9A5FE /* ScannerContext.cpp */ = {isa = PBXFileReference; lastKnownFileType = sourcecode.cpp.cpp; name = ScannerContext.cpp; path = EagleCompiler/scanner/ScannerContext.cpp; sourceTree = "<group>"; };
		D29DBE1A1806D9FA00C9A5FE /* ScannerContext.h */ = {isa = PBXFileReference; lastKnownFileType = sourcecode.c.h; name = ScannerContext.h; path = EagleCompiler/scanner/ScannerContext.h; sourceTree = "<group>"; };
		D29DBE1D1806F4BF00C9A5FE /* ScannerEnums.h */ = {isa = PBXFileReference; fileEncoding = 4; lastKnownFileType = sourcecode.c.h; name = ScannerEnums.h; path = EagleCompiler/scanner/ScannerEnums.h; sourceTree = "<group>"; };
		D29DBE1F1806F8B700C9A5FE /* Singleton.h */ = {isa = PBXFileReference; fileEncoding = 4; lastKnownFileType = sourcecode.c.h; path = Singleton.h; sourceTree = "<group>"; };
		D29DBE2118071E4A00C9A5FE /* ScannerEnums.cpp */ = {isa = PBXFileReference; lastKnownFileType = sourcecode.cpp.cpp; name = ScannerEnums.cpp; path = EagleCompiler/scanner/ScannerEnums.cpp; sourceTree = "<group>"; };
		D29DBE2A1812BBCA00C9A5FE /* assemblizer */ = {isa = PBXFileReference; lastKnownFileType = folder; path = assemblizer; sourceTree = "<group>"; };
		D29DBE2B1812BD9E00C9A5FE /* AssemblerInstruction.cpp */ = {isa = PBXFileReference; lastKnownFileType = sourcecode.cpp.cpp; name = AssemblerInstruction.cpp; path = EagleCompiler/assemblizer/AssemblerInstruction.cpp; sourceTree = "<group>"; };
		D29DBE2C1812BD9E00C9A5FE /* AssemblerInstruction.h */ = {isa = PBXFileReference; lastKnownFileType = sourcecode.c.h; name = AssemblerInstruction.h; path = EagleCompiler/assemblizer/AssemblerInstruction.h; sourceTree = "<group>"; };
		D29DBE2D1812BD9E00C9A5FE /* Assemblizer.cpp */ = {isa = PBXFileReference; lastKnownFileType = sourcecode.cpp.cpp; name = Assemblizer.cpp; path = EagleCompiler/assemblizer/Assemblizer.cpp; sourceTree = "<group>"; };
		D29DBE2E1812BD9E00C9A5FE /* Assemblizer.h */ = {isa = PBXFileReference; lastKnownFileType = sourcecode.c.h; name = Assemblizer.h; path = EagleCompiler/assemblizer/Assemblizer.h; sourceTree = "<group>"; };
		D2BED5D817F744AB005EAFEA /* EagleCompiler */ = {isa = PBXFileReference; explicitFileType = "compiled.mach-o.executable"; includeInIndex = 0; path = EagleCompiler; sourceTree = BUILT_PRODUCTS_DIR; };
		D2BED5DB17F744AB005EAFEA /* main.cpp */ = {isa = PBXFileReference; lastKnownFileType = sourcecode.cpp.cpp; path = main.cpp; sourceTree = "<group>"; };
		D2BED5DD17F744AB005EAFEA /* EagleCompiler.1 */ = {isa = PBXFileReference; lastKnownFileType = text.man; path = EagleCompiler.1; sourceTree = "<group>"; };
		D2D92BA01806D41B0099CBDB /* Scanner.cpp */ = {isa = PBXFileReference; lastKnownFileType = sourcecode.cpp.cpp; name = Scanner.cpp; path = EagleCompiler/scanner/Scanner.cpp; sourceTree = "<group>"; };
		D2D92BA11806D41B0099CBDB /* Scanner.h */ = {isa = PBXFileReference; lastKnownFileType = sourcecode.c.h; name = Scanner.h; path = EagleCompiler/scanner/Scanner.h; sourceTree = "<group>"; };
		D2F6CD76185999C400CDA4DB /* NumericVariable.cpp */ = {isa = PBXFileReference; lastKnownFileType = sourcecode.cpp.cpp; name = NumericVariable.cpp; path = EagleCompiler/assemblizer/NumericVariable.cpp; sourceTree = "<group>"; };
		D2F6CD77185999C400CDA4DB /* NumericVariable.h */ = {isa = PBXFileReference; lastKnownFileType = sourcecode.c.h; name = NumericVariable.h; path = EagleCompiler/assemblizer/NumericVariable.h; sourceTree = "<group>"; };
		D2F6CD78185999C400CDA4DB /* StringVariable.cpp */ = {isa = PBXFileReference; lastKnownFileType = sourcecode.cpp.cpp; name = StringVariable.cpp; path = EagleCompiler/assemblizer/StringVariable.cpp; sourceTree = "<group>"; };
		D2F6CD79185999C400CDA4DB /* StringVariable.h */ = {isa = PBXFileReference; lastKnownFileType = sourcecode.c.h; name = StringVariable.h; path = EagleCompiler/assemblizer/StringVariable.h; sourceTree = "<group>"; };
		D2F6CD7A185999C400CDA4DB /* Variable.cpp */ = {isa = PBXFileReference; lastKnownFileType = sourcecode.cpp.cpp; name = Variable.cpp; path = EagleCompiler/assemblizer/Variable.cpp; sourceTree = "<group>"; };
		D2F6CD7B185999C400CDA4DB /* Variable.h */ = {isa = PBXFileReference; lastKnownFileType = sourcecode.c.h; name = Variable.h; path = EagleCompiler/assemblizer/Variable.h; sourceTree = "<group>"; };
/* End PBXFileReference section */

/* Begin PBXFrameworksBuildPhase section */
		D2BED5D517F744AB005EAFEA /* Frameworks */ = {
			isa = PBXFrameworksBuildPhase;
			buildActionMask = 2147483647;
			files = (
			);
			runOnlyForDeploymentPostprocessing = 0;
		};
/* End PBXFrameworksBuildPhase section */

/* Begin PBXGroup section */
		D281BD9F1876B8ED0097916F /* ast */ = {
			isa = PBXGroup;
			children = (
				D281BDA01876B8ED0097916F /* AST.h */,
				D281BDA11876B8ED0097916F /* CMakeLists.txt */,
				D281BDA21876B8ED0097916F /* CodeGlobalImport.cpp */,
				D281BDA31876B8ED0097916F /* CodeGlobalImport.h */,
				D281BDA41876B8ED0097916F /* CodeGlobalInit.cpp */,
				D281BDA51876B8ED0097916F /* CodeGlobalInit.h */,
				D281BDA61876B8ED0097916F /* CodeObject.cpp */,
				D281BDA71876B8ED0097916F /* CodeObject.h */,
				D281BDA81876B8ED0097916F /* CodeParameter.cpp */,
				D281BDA91876B8ED0097916F /* CodeParameter.h */,
				D281BDAA1876B8ED0097916F /* CodeProgram.cpp */,
				D281BDAB1876B8ED0097916F /* CodeProgram.h */,
				D281BDAC1876B8ED0097916F /* declaration */,
				D281BDB61876B8ED0097916F /* expression */,
				D281BDD01876B8ED0097916F /* identifier */,
				D281BDDA1876B8ED0097916F /* statement */,
				D281BDEE1876B8ED0097916F /* type */,
			);
			path = ast;
			sourceTree = "<group>";
		};
		D281BDAC1876B8ED0097916F /* declaration */ = {
			isa = PBXGroup;
			children = (
				D281BDAD1876B8ED0097916F /* CMakeLists.txt */,
				D281BDAE1876B8ED0097916F /* CodeDeclaration.cpp */,
				D281BDAF1876B8ED0097916F /* CodeDeclaration.h */,
				D281BDB01876B8ED0097916F /* CodeFunctionDeclaration.cpp */,
				D281BDB11876B8ED0097916F /* CodeFunctionDeclaration.h */,
				D281BDB21876B8ED0097916F /* CodeProcedureDeclaration.cpp */,
				D281BDB31876B8ED0097916F /* CodeProcedureDeclaration.h */,
				D281BDB41876B8ED0097916F /* CodeStorageDeclaration.cpp */,
				D281BDB51876B8ED0097916F /* CodeStorageDeclaration.h */,
			);
			path = declaration;
			sourceTree = "<group>";
		};
		D281BDB61876B8ED0097916F /* expression */ = {
			isa = PBXGroup;
			children = (
				D281BDB71876B8ED0097916F /* CMakeLists.txt */,
				D281BDB81876B8ED0097916F /* CodeExpression.cpp */,
				D281BDB91876B8ED0097916F /* CodeExpression.h */,
				D281BDBA1876B8ED0097916F /* CodeExpressionAdd.cpp */,
				D281BDBB1876B8ED0097916F /* CodeExpressionAdd.h */,
				D281BDBC1876B8ED0097916F /* CodeExpressionBoolean.cpp */,
				D281BDBD1876B8ED0097916F /* CodeExpressionBoolean.h */,
				D281BDBE1876B8ED0097916F /* CodeExpressionFactor.cpp */,
				D281BDBF1876B8ED0097916F /* CodeExpressionFactor.h */,
				D281BDC01876B8ED0097916F /* CodeExpressionFactorFunctionCall.cpp */,
				D281BDC11876B8ED0097916F /* CodeExpressionFactorFunctionCall.h */,
				D281BDC21876B8ED0097916F /* CodeExpressionFactorInitialize.cpp */,
				D281BDC31876B8ED0097916F /* CodeExpressionFactorInitialize.h */,
				D281BDC41876B8ED0097916F /* CodeExpressionFactorLiteral.cpp */,
				D281BDC51876B8ED0097916F /* CodeExpressionFactorLiteral.h */,
				D281BDC61876B8ED0097916F /* CodeExpressionFactorVariable.cpp */,
				D281BDC71876B8ED0097916F /* CodeExpressionFactorVariable.h */,
				D281BDC81876B8ED0097916F /* CodeExpressionMonadicOperator.cpp */,
				D281BDC91876B8ED0097916F /* CodeExpressionMonadicOperator.h */,
				D281BDCA1876B8ED0097916F /* CodeExpressionMultiply.cpp */,
				D281BDCB1876B8ED0097916F /* CodeExpressionMultiply.h */,
				D281BDCC1876B8ED0097916F /* CodeExpressionRelation.cpp */,
				D281BDCD1876B8ED0097916F /* CodeExpressionRelation.h */,
				D281BDCE1876B8ED0097916F /* CodeExpressionStringConcatenation.cpp */,
				D281BDCF1876B8ED0097916F /* CodeExpressionStringConcatenation.h */,
			);
			path = expression;
			sourceTree = "<group>";
		};
		D281BDD01876B8ED0097916F /* identifier */ = {
			isa = PBXGroup;
			children = (
				D281BDD11876B8ED0097916F /* CMakeLists.txt */,
				D281BDD21876B8ED0097916F /* CodeFunction.cpp */,
				D281BDD31876B8ED0097916F /* CodeFunction.h */,
				D281BDD41876B8ED0097916F /* CodeIdentifier.cpp */,
				D281BDD51876B8ED0097916F /* CodeIdentifier.h */,
				D281BDD61876B8ED0097916F /* CodeProcedure.cpp */,
				D281BDD71876B8ED0097916F /* CodeProcedure.h */,
				D281BDD81876B8ED0097916F /* CodeVariable.cpp */,
				D281BDD91876B8ED0097916F /* CodeVariable.h */,
			);
			path = identifier;
			sourceTree = "<group>";
		};
		D281BDDA1876B8ED0097916F /* statement */ = {
			isa = PBXGroup;
			children = (
				D281BDDB1876B8ED0097916F /* CMakeLists.txt */,
				D281BDDC1876B8ED0097916F /* CodeAssignmentStatement.cpp */,
				D281BDDD1876B8ED0097916F /* CodeAssignmentStatement.h */,
				D281BDDE1876B8ED0097916F /* CodeFunctionCallStatement.cpp */,
				D281BDDF1876B8ED0097916F /* CodeFunctionCallStatement.h */,
				D281BDE01876B8ED0097916F /* CodeIfStatement.cpp */,
				D281BDE11876B8ED0097916F /* CodeIfStatement.h */,
				D281BDE21876B8ED0097916F /* CodeInputStatement.cpp */,
				D281BDE31876B8ED0097916F /* CodeInputStatement.h */,
				D281BDE41876B8ED0097916F /* CodeOutputStatment.cpp */,
				D281BDE51876B8ED0097916F /* CodeOutputStatment.h */,
				D281BDE61876B8ED0097916F /* CodeProcedureCallStatement.cpp */,
				D281BDE71876B8ED0097916F /* CodeProcedureCallStatement.h */,
				D281BDE81876B8ED0097916F /* CodeSkipStatement.cpp */,
				D281BDE91876B8ED0097916F /* CodeSkipStatement.h */,
				D281BDEA1876B8ED0097916F /* CodeStatement.cpp */,
				D281BDEB1876B8ED0097916F /* CodeStatement.h */,
				D281BDEC1876B8ED0097916F /* CodeWhileStatement.cpp */,
				D281BDED1876B8ED0097916F /* CodeWhileStatement.h */,
			);
			path = statement;
			sourceTree = "<group>";
		};
		D281BDEE1876B8ED0097916F /* type */ = {
			isa = PBXGroup;
			children = (
				D281BDEF1876B8ED0097916F /* CMakeLists.txt */,
				D281BDF01876B8ED0097916F /* CodeType.cpp */,
				D281BDF11876B8ED0097916F /* CodeType.h */,
				D281BDF21876B8ED0097916F /* CodeTypeBoolean.cpp */,
				D281BDF31876B8ED0097916F /* CodeTypeBoolean.h */,
				D281BDF41876B8ED0097916F /* CodeTypeInteger32.cpp */,
				D281BDF51876B8ED0097916F /* CodeTypeInteger32.h */,
				D281BDF61876B8ED0097916F /* CodeTypeString.cpp */,
				D281BDF71876B8ED0097916F /* CodeTypeString.h */,
			);
			path = type;
			sourceTree = "<group>";
		};
		D281BE1E1876DC8E0097916F /* parser */ = {
			isa = PBXGroup;
			children = (
				D281BE1F1876DC8E0097916F /* ASTGenerator.cpp */,
				D281BE201876DC8E0097916F /* ASTGenerator.h */,
				D281BE211876DC8E0097916F /* CMakeLists.txt */,
				D281BE221876DC8E0097916F /* Parser.cpp */,
				D281BE231876DC8E0097916F /* Parser.h */,
				D281BE241876DC8E0097916F /* ParseTableReader.cpp */,
				D281BE251876DC8E0097916F /* ParseTableReader.h */,
			);
			path = parser;
			sourceTree = "<group>";
		};
		D2BED5CF17F744AB005EAFEA = {
			isa = PBXGroup;
			children = (
				D2F6CD76185999C400CDA4DB /* NumericVariable.cpp */,
				D2F6CD77185999C400CDA4DB /* NumericVariable.h */,
				D2F6CD78185999C400CDA4DB /* StringVariable.cpp */,
				D2F6CD79185999C400CDA4DB /* StringVariable.h */,
				D2F6CD7A185999C400CDA4DB /* Variable.cpp */,
				D2F6CD7B185999C400CDA4DB /* Variable.h */,
				D2BED5D917F744AB005EAFEA /* Products */,
				D2BED5DA17F744AB005EAFEA /* EagleCompiler */,
				D2D92BA01806D41B0099CBDB /* Scanner.cpp */,
				D2D92BA11806D41B0099CBDB /* Scanner.h */,
				D29DBE191806D9FA00C9A5FE /* ScannerContext.cpp */,
				D29DBE1A1806D9FA00C9A5FE /* ScannerContext.h */,
				D29DBE1D1806F4BF00C9A5FE /* ScannerEnums.h */,
				D29DBE2118071E4A00C9A5FE /* ScannerEnums.cpp */,
				D29DBE2B1812BD9E00C9A5FE /* AssemblerInstruction.cpp */,
				D29DBE2C1812BD9E00C9A5FE /* AssemblerInstruction.h */,
				D29DBE2D1812BD9E00C9A5FE /* Assemblizer.cpp */,
				D29DBE2E1812BD9E00C9A5FE /* Assemblizer.h */,
			);
			sourceTree = "<group>";
		};
		D2BED5D917F744AB005EAFEA /* Products */ = {
			isa = PBXGroup;
			children = (
				D2BED5D817F744AB005EAFEA /* EagleCompiler */,
			);
			name = Products;
			sourceTree = "<group>";
		};
		D2BED5DA17F744AB005EAFEA /* EagleCompiler */ = {
			isa = PBXGroup;
			children = (
				D2BED5DB17F744AB005EAFEA /* main.cpp */,
				D2BED5DD17F744AB005EAFEA /* EagleCompiler.1 */,
				D281BE1E1876DC8E0097916F /* parser */,
				D281BD9F1876B8ED0097916F /* ast */,
				D290B70B1806D28C0030DC82 /* scanner */,
				D221B47317F745D900E76550 /* Token.cpp */,
				D29DBE2A1812BBCA00C9A5FE /* assemblizer */,
				D221B47417F745D900E76550 /* Token.h */,
				D221B47A17F8252C00E76550 /* TokenList.cpp */,
				D221B47B17F8252C00E76550 /* TokenList.h */,
				D221B48317F8451900E76550 /* Util.cpp */,
				D221B48417F8451900E76550 /* Util.h */,
				D29DBE1F1806F8B700C9A5FE /* Singleton.h */,
			);
			path = EagleCompiler;
			sourceTree = "<group>";
		};
/* End PBXGroup section */

/* Begin PBXLegacyTarget section */
		D221B47617F7468B00E76550 /* EagleCompiler Makefile */ = {
			isa = PBXLegacyTarget;
			buildArgumentsString = "$(ACTION)";
			buildConfigurationList = D221B47717F7468B00E76550 /* Build configuration list for PBXLegacyTarget "EagleCompiler Makefile" */;
			buildPhases = (
			);
			buildToolPath = /usr/bin/make;
			buildWorkingDirectory = /Users/IsNull/Documents/Projects/EagleCompiler/Source/EagleCompiler;
			dependencies = (
			);
			name = "EagleCompiler Makefile";
			passBuildSettingsInEnvironment = 1;
			productName = "EagleCompiler Makefile";
		};
/* End PBXLegacyTarget section */

/* Begin PBXNativeTarget section */
		D2BED5D717F744AB005EAFEA /* EagleCompiler */ = {
			isa = PBXNativeTarget;
			buildConfigurationList = D2BED5E117F744AB005EAFEA /* Build configuration list for PBXNativeTarget "EagleCompiler" */;
			buildPhases = (
				D2BED5D417F744AB005EAFEA /* Sources */,
				D2BED5D517F744AB005EAFEA /* Frameworks */,
				D2BED5D617F744AB005EAFEA /* CopyFiles */,
			);
			buildRules = (
			);
			dependencies = (
			);
			name = EagleCompiler;
			productName = EagleCompiler;
			productReference = D2BED5D817F744AB005EAFEA /* EagleCompiler */;
			productType = "com.apple.product-type.tool";
		};
/* End PBXNativeTarget section */

/* Begin PBXProject section */
		D2BED5D017F744AB005EAFEA /* Project object */ = {
			isa = PBXProject;
			attributes = {
				LastUpgradeCheck = 0500;
				ORGANIZATIONNAME = "Pascal Büttiker";
			};
			buildConfigurationList = D2BED5D317F744AB005EAFEA /* Build configuration list for PBXProject "EagleCompiler" */;
			compatibilityVersion = "Xcode 3.2";
			developmentRegion = English;
			hasScannedForEncodings = 0;
			knownRegions = (
				en,
			);
			mainGroup = D2BED5CF17F744AB005EAFEA;
			productRefGroup = D2BED5D917F744AB005EAFEA /* Products */;
			projectDirPath = "";
			projectRoot = "";
			targets = (
				D2BED5D717F744AB005EAFEA /* EagleCompiler */,
				D221B47617F7468B00E76550 /* EagleCompiler Makefile */,
			);
		};
/* End PBXProject section */

/* Begin PBXSourcesBuildPhase section */
		D2BED5D417F744AB005EAFEA /* Sources */ = {
			isa = PBXSourcesBuildPhase;
			buildActionMask = 2147483647;
			files = (
				D281BE281876DC8E0097916F /* ParseTableReader.cpp in Sources */,
				D281BE091876B8ED0097916F /* CodeExpressionMonadicOperator.cpp in Sources */,
				D2F6CD7C185999C400CDA4DB /* NumericVariable.cpp in Sources */,
				D281BE0D1876B8ED0097916F /* CodeFunction.cpp in Sources */,
				D281BE031876B8ED0097916F /* CodeExpressionBoolean.cpp in Sources */,
				D281BE191876B8ED0097916F /* CodeWhileStatement.cpp in Sources */,
				D281BE1A1876B8ED0097916F /* CodeType.cpp in Sources */,
				D281BDFD1876B8ED0097916F /* CodeDeclaration.cpp in Sources */,
				D2F6CD7D185999C400CDA4DB /* NumericVariable.h in Sources */,
				D281BDFE1876B8ED0097916F /* CodeFunctionDeclaration.cpp in Sources */,
				D2F6CD7E185999C400CDA4DB /* StringVariable.cpp in Sources */,
				D2F6CD7F185999C400CDA4DB /* StringVariable.h in Sources */,
				D281BE071876B8ED0097916F /* CodeExpressionFactorLiteral.cpp in Sources */,
				D2F6CD80185999C400CDA4DB /* Variable.cpp in Sources */,
				D281BDF91876B8ED0097916F /* CodeGlobalInit.cpp in Sources */,
				D281BDF81876B8ED0097916F /* CodeGlobalImport.cpp in Sources */,
				D281BE151876B8ED0097916F /* CodeOutputStatment.cpp in Sources */,
				D281BE0E1876B8ED0097916F /* CodeIdentifier.cpp in Sources */,
				D281BE001876B8ED0097916F /* CodeStorageDeclaration.cpp in Sources */,
				D281BE161876B8ED0097916F /* CodeProcedureCallStatement.cpp in Sources */,
				D2F6CD81185999C400CDA4DB /* Variable.h in Sources */,
				D29DBE2F1812BD9E00C9A5FE /* AssemblerInstruction.cpp in Sources */,
				D281BDFC1876B8ED0097916F /* CodeProgram.cpp in Sources */,
				D29DBE301812BD9E00C9A5FE /* AssemblerInstruction.h in Sources */,
				D29DBE311812BD9E00C9A5FE /* Assemblizer.cpp in Sources */,
				D29DBE321812BD9E00C9A5FE /* Assemblizer.h in Sources */,
				D281BE261876DC8E0097916F /* ASTGenerator.cpp in Sources */,
				D281BE011876B8ED0097916F /* CodeExpression.cpp in Sources */,
				D281BE0F1876B8ED0097916F /* CodeProcedure.cpp in Sources */,
				D281BE1C1876B8ED0097916F /* CodeTypeInteger32.cpp in Sources */,
				D281BE131876B8ED0097916F /* CodeIfStatement.cpp in Sources */,
				D281BDFA1876B8ED0097916F /* CodeObject.cpp in Sources */,
				D281BE1D1876B8ED0097916F /* CodeTypeString.cpp in Sources */,
				D281BE0A1876B8ED0097916F /* CodeExpressionMultiply.cpp in Sources */,
				D29DBE2218071E4A00C9A5FE /* ScannerEnums.cpp in Sources */,
				D281BE111876B8ED0097916F /* CodeAssignmentStatement.cpp in Sources */,
				D281BE051876B8ED0097916F /* CodeExpressionFactorFunctionCall.cpp in Sources */,
				D29DBE201806F92500C9A5FE /* Singleton.h in Sources */,
				D281BE271876DC8E0097916F /* Parser.cpp in Sources */,
				D29DBE1E1806F4D500C9A5FE /* ScannerEnums.h in Sources */,
				D29DBE1B1806D9FA00C9A5FE /* ScannerContext.cpp in Sources */,
				D281BDFF1876B8ED0097916F /* CodeProcedureDeclaration.cpp in Sources */,
				D281BE101876B8ED0097916F /* CodeVariable.cpp in Sources */,
				D281BE1B1876B8ED0097916F /* CodeTypeBoolean.cpp in Sources */,
				D29DBE1C1806D9FA00C9A5FE /* ScannerContext.h in Sources */,
				D281BE141876B8ED0097916F /* CodeInputStatement.cpp in Sources */,
				D281BE081876B8ED0097916F /* CodeExpressionFactorVariable.cpp in Sources */,
				D281BE021876B8ED0097916F /* CodeExpressionAdd.cpp in Sources */,
				D2D92BA21806D41B0099CBDB /* Scanner.cpp in Sources */,
				D281BE0C1876B8ED0097916F /* CodeExpressionStringConcatenation.cpp in Sources */,
				D281BE041876B8ED0097916F /* CodeExpressionFactor.cpp in Sources */,
				D281BE0B1876B8ED0097916F /* CodeExpressionRelation.cpp in Sources */,
				D2D92BA31806D41B0099CBDB /* Scanner.h in Sources */,
				D281BE121876B8ED0097916F /* CodeFunctionCallStatement.cpp in Sources */,
				D2BED5DC17F744AB005EAFEA /* main.cpp in Sources */,
				D281BE061876B8ED0097916F /* CodeExpressionFactorInitialize.cpp in Sources */,
				D221B47517F745D900E76550 /* Token.cpp in Sources */,
				D221B47C17F8252C00E76550 /* TokenList.cpp in Sources */,
				D281BE171876B8ED0097916F /* CodeSkipStatement.cpp in Sources */,
				D281BDFB1876B8ED0097916F /* CodeParameter.cpp in Sources */,
				D281BE181876B8ED0097916F /* CodeStatement.cpp in Sources */,
				D221B48517F8451900E76550 /* Util.cpp in Sources */,
			);
			runOnlyForDeploymentPostprocessing = 0;
		};
/* End PBXSourcesBuildPhase section */

/* Begin XCBuildConfiguration section */
		D221B47817F7468B00E76550 /* Debug */ = {
			isa = XCBuildConfiguration;
			buildSettings = {
				DEBUGGING_SYMBOLS = YES;
				GCC_GENERATE_DEBUGGING_SYMBOLS = YES;
				GCC_OPTIMIZATION_LEVEL = 0;
				GCC_PREPROCESSOR_DEFINITIONS = (
					"DEBUG=1",
					"$(inherited)",
				);
				OTHER_CFLAGS = "";
				OTHER_LDFLAGS = "";
				PRODUCT_NAME = "$(TARGET_NAME)";
			};
			name = Debug;
		};
		D221B47917F7468B00E76550 /* Release */ = {
			isa = XCBuildConfiguration;
			buildSettings = {
				OTHER_CFLAGS = "";
				OTHER_LDFLAGS = "";
				PRODUCT_NAME = "$(TARGET_NAME)";
			};
			name = Release;
		};
		D2BED5DF17F744AB005EAFEA /* Debug */ = {
			isa = XCBuildConfiguration;
			buildSettings = {
				ALWAYS_SEARCH_USER_PATHS = NO;
				CLANG_CXX_LANGUAGE_STANDARD = "gnu++0x";
				CLANG_CXX_LIBRARY = "libc++";
				CLANG_ENABLE_OBJC_ARC = YES;
				CLANG_WARN_BOOL_CONVERSION = YES;
				CLANG_WARN_CONSTANT_CONVERSION = YES;
				CLANG_WARN_DIRECT_OBJC_ISA_USAGE = YES_ERROR;
				CLANG_WARN_EMPTY_BODY = YES;
				CLANG_WARN_ENUM_CONVERSION = YES;
				CLANG_WARN_INT_CONVERSION = YES;
				CLANG_WARN_OBJC_ROOT_CLASS = YES_ERROR;
				CLANG_WARN__DUPLICATE_METHOD_MATCH = YES;
				COPY_PHASE_STRIP = NO;
				GCC_C_LANGUAGE_STANDARD = gnu99;
				GCC_DYNAMIC_NO_PIC = NO;
				GCC_ENABLE_OBJC_EXCEPTIONS = YES;
				GCC_OPTIMIZATION_LEVEL = 0;
				GCC_PREPROCESSOR_DEFINITIONS = (
					"DEBUG=1",
					"$(inherited)",
				);
				GCC_SYMBOLS_PRIVATE_EXTERN = NO;
				GCC_WARN_64_TO_32_BIT_CONVERSION = YES;
				GCC_WARN_ABOUT_RETURN_TYPE = YES_ERROR;
				GCC_WARN_UNDECLARED_SELECTOR = YES;
				GCC_WARN_UNINITIALIZED_AUTOS = YES;
				GCC_WARN_UNUSED_FUNCTION = YES;
				GCC_WARN_UNUSED_VARIABLE = YES;
				MACOSX_DEPLOYMENT_TARGET = 10.8;
				ONLY_ACTIVE_ARCH = YES;
				SDKROOT = macosx;
			};
			name = Debug;
		};
		D2BED5E017F744AB005EAFEA /* Release */ = {
			isa = XCBuildConfiguration;
			buildSettings = {
				ALWAYS_SEARCH_USER_PATHS = NO;
				CLANG_CXX_LANGUAGE_STANDARD = "gnu++0x";
				CLANG_CXX_LIBRARY = "libc++";
				CLANG_ENABLE_OBJC_ARC = YES;
				CLANG_WARN_BOOL_CONVERSION = YES;
				CLANG_WARN_CONSTANT_CONVERSION = YES;
				CLANG_WARN_DIRECT_OBJC_ISA_USAGE = YES_ERROR;
				CLANG_WARN_EMPTY_BODY = YES;
				CLANG_WARN_ENUM_CONVERSION = YES;
				CLANG_WARN_INT_CONVERSION = YES;
				CLANG_WARN_OBJC_ROOT_CLASS = YES_ERROR;
				CLANG_WARN__DUPLICATE_METHOD_MATCH = YES;
				COPY_PHASE_STRIP = YES;
				DEBUG_INFORMATION_FORMAT = "dwarf-with-dsym";
				ENABLE_NS_ASSERTIONS = NO;
				GCC_C_LANGUAGE_STANDARD = gnu99;
				GCC_ENABLE_OBJC_EXCEPTIONS = YES;
				GCC_WARN_64_TO_32_BIT_CONVERSION = YES;
				GCC_WARN_ABOUT_RETURN_TYPE = YES_ERROR;
				GCC_WARN_UNDECLARED_SELECTOR = YES;
				GCC_WARN_UNINITIALIZED_AUTOS = YES;
				GCC_WARN_UNUSED_FUNCTION = YES;
				GCC_WARN_UNUSED_VARIABLE = YES;
				MACOSX_DEPLOYMENT_TARGET = 10.8;
				SDKROOT = macosx;
			};
			name = Release;
		};
		D2BED5E217F744AB005EAFEA /* Debug */ = {
			isa = XCBuildConfiguration;
			buildSettings = {
				PRODUCT_NAME = "$(TARGET_NAME)";
			};
			name = Debug;
		};
		D2BED5E317F744AB005EAFEA /* Release */ = {
			isa = XCBuildConfiguration;
			buildSettings = {
				PRODUCT_NAME = "$(TARGET_NAME)";
			};
			name = Release;
		};
/* End XCBuildConfiguration section */

/* Begin XCConfigurationList section */
		D221B47717F7468B00E76550 /* Build configuration list for PBXLegacyTarget "EagleCompiler Makefile" */ = {
			isa = XCConfigurationList;
			buildConfigurations = (
				D221B47817F7468B00E76550 /* Debug */,
				D221B47917F7468B00E76550 /* Release */,
			);
			defaultConfigurationIsVisible = 0;
			defaultConfigurationName = Release;
		};
		D2BED5D317F744AB005EAFEA /* Build configuration list for PBXProject "EagleCompiler" */ = {
			isa = XCConfigurationList;
			buildConfigurations = (
				D2BED5DF17F744AB005EAFEA /* Debug */,
				D2BED5E017F744AB005EAFEA /* Release */,
			);
			defaultConfigurationIsVisible = 0;
			defaultConfigurationName = Release;
		};
		D2BED5E117F744AB005EAFEA /* Build configuration list for PBXNativeTarget "EagleCompiler" */ = {
			isa = XCConfigurationList;
			buildConfigurations = (
				D2BED5E217F744AB005EAFEA /* Debug */,
				D2BED5E317F744AB005EAFEA /* Release */,
			);
			defaultConfigurationIsVisible = 0;
			defaultConfigurationName = Release;
		};
/* End XCConfigurationList section */
	};
	rootObject = D2BED5D017F744AB005EAFEA /* Project object */;
}
